// !$*UTF8*$!
{
	archiveVersion = 1;
	classes = {
	};
	objectVersion = 46;
	objects = {

/* Begin PBXBuildFile section */
		0CBF705AC76ABE863A96B298 /* Pods_CitySearcher.framework in Frameworks */ = {isa = PBXBuildFile; fileRef = 7B87B828CADD4782CEBE075E /* Pods_CitySearcher.framework */; };
		AF0CC7651CD9938F00BD5D37 /* AppDelegate.swift in Sources */ = {isa = PBXBuildFile; fileRef = AF0CC7641CD9938F00BD5D37 /* AppDelegate.swift */; };
		AF0CC76A1CD9938F00BD5D37 /* Main.storyboard in Resources */ = {isa = PBXBuildFile; fileRef = AF0CC7681CD9938F00BD5D37 /* Main.storyboard */; };
		AF0CC76C1CD9938F00BD5D37 /* Assets.xcassets in Resources */ = {isa = PBXBuildFile; fileRef = AF0CC76B1CD9938F00BD5D37 /* Assets.xcassets */; };
		AF0CC76F1CD9938F00BD5D37 /* LaunchScreen.storyboard in Resources */ = {isa = PBXBuildFile; fileRef = AF0CC76D1CD9938F00BD5D37 /* LaunchScreen.storyboard */; };
		AF77FE021CD996B30095E1C0 /* TableViewController.swift in Sources */ = {isa = PBXBuildFile; fileRef = AF77FE011CD996B30095E1C0 /* TableViewController.swift */; };
/* End PBXBuildFile section */

/* Begin PBXFileReference section */
		0C38763CCD20D6CECF3D9F6A /* Pods-CitySearcher.debug.xcconfig */ = {isa = PBXFileReference; includeInIndex = 1; lastKnownFileType = text.xcconfig; name = "Pods-CitySearcher.debug.xcconfig"; path = "Pods/Target Support Files/Pods-CitySearcher/Pods-CitySearcher.debug.xcconfig"; sourceTree = "<group>"; };
		3E2475C5803E484972DB7BD2 /* Pods-CitySearcher.release.xcconfig */ = {isa = PBXFileReference; includeInIndex = 1; lastKnownFileType = text.xcconfig; name = "Pods-CitySearcher.release.xcconfig"; path = "Pods/Target Support Files/Pods-CitySearcher/Pods-CitySearcher.release.xcconfig"; sourceTree = "<group>"; };
		7B87B828CADD4782CEBE075E /* Pods_CitySearcher.framework */ = {isa = PBXFileReference; explicitFileType = wrapper.framework; includeInIndex = 0; path = Pods_CitySearcher.framework; sourceTree = BUILT_PRODUCTS_DIR; };
		AF0CC7611CD9938F00BD5D37 /* CitySearcher.app */ = {isa = PBXFileReference; explicitFileType = wrapper.application; includeInIndex = 0; path = CitySearcher.app; sourceTree = BUILT_PRODUCTS_DIR; };
		AF0CC7641CD9938F00BD5D37 /* AppDelegate.swift */ = {isa = PBXFileReference; lastKnownFileType = sourcecode.swift; path = AppDelegate.swift; sourceTree = "<group>"; };
		AF0CC7691CD9938F00BD5D37 /* Base */ = {isa = PBXFileReference; lastKnownFileType = file.storyboard; name = Base; path = Base.lproj/Main.storyboard; sourceTree = "<group>"; };
		AF0CC76B1CD9938F00BD5D37 /* Assets.xcassets */ = {isa = PBXFileReference; lastKnownFileType = folder.assetcatalog; path = Assets.xcassets; sourceTree = "<group>"; };
		AF0CC76E1CD9938F00BD5D37 /* Base */ = {isa = PBXFileReference; lastKnownFileType = file.storyboard; name = Base; path = Base.lproj/LaunchScreen.storyboard; sourceTree = "<group>"; };
		AF0CC7701CD9938F00BD5D37 /* Info.plist */ = {isa = PBXFileReference; lastKnownFileType = text.plist.xml; path = Info.plist; sourceTree = "<group>"; };
		AF77FE011CD996B30095E1C0 /* TableViewController.swift */ = {isa = PBXFileReference; fileEncoding = 4; lastKnownFileType = sourcecode.swift; path = TableViewController.swift; sourceTree = "<group>"; };
/* End PBXFileReference section */

/* Begin PBXFrameworksBuildPhase section */
		AF0CC75E1CD9938F00BD5D37 /* Frameworks */ = {
			isa = PBXFrameworksBuildPhase;
			buildActionMask = 2147483647;
			files = (
				0CBF705AC76ABE863A96B298 /* Pods_CitySearcher.framework in Frameworks */,
			);
			runOnlyForDeploymentPostprocessing = 0;
		};
/* End PBXFrameworksBuildPhase section */

/* Begin PBXGroup section */
		6FC22980F3CF7E11ED6ED486 /* Frameworks */ = {
			isa = PBXGroup;
			children = (
				7B87B828CADD4782CEBE075E /* Pods_CitySearcher.framework */,
			);
			name = Frameworks;
			sourceTree = "<group>";
		};
		AF0CC7581CD9938F00BD5D37 = {
			isa = PBXGroup;
			children = (
				AF0CC7631CD9938F00BD5D37 /* CitySearcher */,
				AF0CC7621CD9938F00BD5D37 /* Products */,
				EAA19C9DC9E40F00FC5F3899 /* Pods */,
				6FC22980F3CF7E11ED6ED486 /* Frameworks */,
			);
			sourceTree = "<group>";
		};
		AF0CC7621CD9938F00BD5D37 /* Products */ = {
			isa = PBXGroup;
			children = (
				AF0CC7611CD9938F00BD5D37 /* CitySearcher.app */,
			);
			name = Products;
			sourceTree = "<group>";
		};
		AF0CC7631CD9938F00BD5D37 /* CitySearcher */ = {
			isa = PBXGroup;
			children = (
				AF0CC7641CD9938F00BD5D37 /* AppDelegate.swift */,
				AF77FE011CD996B30095E1C0 /* TableViewController.swift */,
				AF0CC7681CD9938F00BD5D37 /* Main.storyboard */,
				AF0CC76B1CD9938F00BD5D37 /* Assets.xcassets */,
				AF0CC76D1CD9938F00BD5D37 /* LaunchScreen.storyboard */,
				AF0CC7701CD9938F00BD5D37 /* Info.plist */,
			);
			path = CitySearcher;
			sourceTree = "<group>";
		};
		EAA19C9DC9E40F00FC5F3899 /* Pods */ = {
			isa = PBXGroup;
			children = (
				0C38763CCD20D6CECF3D9F6A /* Pods-CitySearcher.debug.xcconfig */,
				3E2475C5803E484972DB7BD2 /* Pods-CitySearcher.release.xcconfig */,
			);
			name = Pods;
			sourceTree = "<group>";
		};
/* End PBXGroup section */

/* Begin PBXNativeTarget section */
		AF0CC7601CD9938F00BD5D37 /* CitySearcher */ = {
			isa = PBXNativeTarget;
			buildConfigurationList = AF0CC7731CD9938F00BD5D37 /* Build configuration list for PBXNativeTarget "CitySearcher" */;
			buildPhases = (
				99F4323352BA4BCE95A2B0DE /* Check Pods Manifest.lock */,
				AF0CC75D1CD9938F00BD5D37 /* Sources */,
				AF0CC75E1CD9938F00BD5D37 /* Frameworks */,
				AF0CC75F1CD9938F00BD5D37 /* Resources */,
				4FC3F9B3E1FCCDF00EE4D6A8 /* Embed Pods Frameworks */,
				4384594423669CE1E1555987 /* Copy Pods Resources */,
			);
			buildRules = (
			);
			dependencies = (
			);
			name = CitySearcher;
			productName = CitySearcher;
			productReference = AF0CC7611CD9938F00BD5D37 /* CitySearcher.app */;
			productType = "com.apple.product-type.application";
		};
/* End PBXNativeTarget section */

/* Begin PBXProject section */
		AF0CC7591CD9938F00BD5D37 /* Project object */ = {
			isa = PBXProject;
			attributes = {
				LastSwiftUpdateCheck = 0730;
				LastUpgradeCheck = 0730;
				ORGANIZATIONNAME = "Propel Marketing";
				TargetAttributes = {
					AF0CC7601CD9938F00BD5D37 = {
						CreatedOnToolsVersion = 7.3.1;
					};
				};
			};
			buildConfigurationList = AF0CC75C1CD9938F00BD5D37 /* Build configuration list for PBXProject "CitySearcher" */;
			compatibilityVersion = "Xcode 3.2";
			developmentRegion = English;
			hasScannedForEncodings = 0;
			knownRegions = (
				en,
				Base,
			);
			mainGroup = AF0CC7581CD9938F00BD5D37;
			productRefGroup = AF0CC7621CD9938F00BD5D37 /* Products */;
			projectDirPath = "";
			projectRoot = "";
			targets = (
				AF0CC7601CD9938F00BD5D37 /* CitySearcher */,
			);
		};
/* End PBXProject section */

/* Begin PBXResourcesBuildPhase section */
		AF0CC75F1CD9938F00BD5D37 /* Resources */ = {
			isa = PBXResourcesBuildPhase;
			buildActionMask = 2147483647;
			files = (
				AF0CC76F1CD9938F00BD5D37 /* LaunchScreen.storyboard in Resources */,
				AF0CC76C1CD9938F00BD5D37 /* Assets.xcassets in Resources */,
				AF0CC76A1CD9938F00BD5D37 /* Main.storyboard in Resources */,
			);
			runOnlyForDeploymentPostprocessing = 0;
		};
/* End PBXResourcesBuildPhase section */

/* Begin PBXShellScriptBuildPhase section */
		4384594423669CE1E1555987 /* Copy Pods Resources */ = {
			isa = PBXShellScriptBuildPhase;
			buildActionMask = 2147483647;
			files = (
			);
			inputPaths = (
			);
			name = "Copy Pods Resources";
			outputPaths = (
			);
			runOnlyForDeploymentPostprocessing = 0;
			shellPath = /bin/sh;
			shellScript = "\"${SRCROOT}/Pods/Target Support Files/Pods-CitySearcher/Pods-CitySearcher-resources.sh\"\n";
			showEnvVarsInLog = 0;
		};
		4FC3F9B3E1FCCDF00EE4D6A8 /* Embed Pods Frameworks */ = {
			isa = PBXShellScriptBuildPhase;
			buildActionMask = 2147483647;
			files = (
			);
			inputPaths = (
			);
			name = "Embed Pods Frameworks";
			outputPaths = (
			);
			runOnlyForDeploymentPostprocessing = 0;
			shellPath = /bin/sh;
			shellScript = "\"${SRCROOT}/Pods/Target Support Files/Pods-CitySearcher/Pods-CitySearcher-frameworks.sh\"\n";
			showEnvVarsInLog = 0;
		};
		99F4323352BA4BCE95A2B0DE /* Check Pods Manifest.lock */ = {
			isa = PBXShellScriptBuildPhase;
			buildActionMask = 2147483647;
			files = (
			);
			inputPaths = (
			);
			name = "Check Pods Manifest.lock";
			outputPaths = (
			);
			runOnlyForDeploymentPostprocessing = 0;
			shellPath = /bin/sh;
			shellScript = "diff \"${PODS_ROOT}/../Podfile.lock\" \"${PODS_ROOT}/Manifest.lock\" > /dev/null\nif [[ $? != 0 ]] ; then\n    cat << EOM\nerror: The sandbox is not in sync with the Podfile.lock. Run 'pod install' or update your CocoaPods installation.\nEOM\n    exit 1\nfi\n";
			showEnvVarsInLog = 0;
		};
/* End PBXShellScriptBuildPhase section */

/* Begin PBXSourcesBuildPhase section */
		AF0CC75D1CD9938F00BD5D37 /* Sources */ = {
			isa = PBXSourcesBuildPhase;
			buildActionMask = 2147483647;
			files = (
				AF0CC7651CD9938F00BD5D37 /* AppDelegate.swift in Sources */,
				AF77FE021CD996B30095E1C0 /* TableViewController.swift in Sources */,
			);
			runOnlyForDeploymentPostprocessing = 0;
		};
/* End PBXSourcesBuildPhase section */

/* Begin PBXVariantGroup section */
		AF0CC7681CD9938F00BD5D37 /* Main.storyboard */ = {
			isa = PBXVariantGroup;
			children = (
				AF0CC7691CD9938F00BD5D37 /* Base */,
			);
			name = Main.storyboard;
			sourceTree = "<group>";
		};
		AF0CC76D1CD9938F00BD5D37 /* LaunchScreen.storyboard */ = {
			isa = PBXVariantGroup;
			children = (
				AF0CC76E1CD9938F00BD5D37 /* Base */,
			);
			name = LaunchScreen.storyboard;
			sourceTree = "<group>";
		};
/* End PBXVariantGroup section */

/* Begin XCBuildConfiguration section */
		AF0CC7711CD9938F00BD5D37 /* Debug */ = {
			isa = XCBuildConfiguration;
			buildSettings = {
				ALWAYS_SEARCH_USER_PATHS = NO;
				CLANG_ANALYZER_NONNULL = YES;
				CLANG_CXX_LANGUAGE_STANDARD = "gnu++0x";
				CLANG_CXX_LIBRARY = "libc++";
				CLANG_ENABLE_MODULES = YES;
				CLANG_ENABLE_OBJC_ARC = YES;
				CLANG_WARN_BOOL_CONVERSION = YES;
				CLANG_WARN_CONSTANT_CONVERSION = YES;
				CLANG_WARN_DIRECT_OBJC_ISA_USAGE = YES_ERROR;
				CLANG_WARN_EMPTY_BODY = YES;
				CLANG_WARN_ENUM_CONVERSION = YES;
				CLANG_WARN_INT_CONVERSION = YES;
				CLANG_WARN_OBJC_ROOT_CLASS = YES_ERROR;
				CLANG_WARN_UNREACHABLE_CODE = YES;
				CLANG_WARN__DUPLICATE_METHOD_MATCH = YES;
				"CODE_SIGN_IDENTITY[sdk=iphoneos*]" = "iPhone Developer";
				COPY_PHASE_STRIP = NO;
				DEBUG_INFORMATION_FORMAT = dwarf;
				ENABLE_STRICT_OBJC_MSGSEND = YES;
				ENABLE_TESTABILITY = YES;
				GCC_C_LANGUAGE_STANDARD = gnu99;
				GCC_DYNAMIC_NO_PIC = NO;
				GCC_NO_COMMON_BLOCKS = YES;
				GCC_OPTIMIZATION_LEVEL = 0;
				GCC_PREPROCESSOR_DEFINITIONS = (
					"DEBUG=1",
					"$(inherited)",
				);
				GCC_WARN_64_TO_32_BIT_CONVERSION = YES;
				GCC_WARN_ABOUT_RETURN_TYPE = YES_ERROR;
				GCC_WARN_UNDECLARED_SELECTOR = YES;
				GCC_WARN_UNINITIALIZED_AUTOS = YES_AGGRESSIVE;
				GCC_WARN_UNUSED_FUNCTION = YES;
				GCC_WARN_UNUSED_VARIABLE = YES;
				IPHONEOS_DEPLOYMENT_TARGET = 9.3;
				MTL_ENABLE_DEBUG_INFO = YES;
				ONLY_ACTIVE_ARCH = YES;
				SDKROOT = iphoneos;
				SWIFT_OPTIMIZATION_LEVEL = "-Onone";
			};
			name = Debug;
		};
		AF0CC7721CD9938F00BD5D37 /* Release */ = {
			isa = XCBuildConfiguration;
			buildSettings = {
				ALWAYS_SEARCH_USER_PATHS = NO;
				CLANG_ANALYZER_NONNULL = YES;
				CLANG_CXX_LANGUAGE_STANDARD = "gnu++0x";
				CLANG_CXX_LIBRARY = "libc++";
				CLANG_ENABLE_MODULES = YES;
				CLANG_ENABLE_OBJC_ARC = YES;
				CLANG_WARN_BOOL_CONVERSION = YES;
				CLANG_WARN_CONSTANT_CONVERSION = YES;
				CLANG_WARN_DIRECT_OBJC_ISA_USAGE = YES_ERROR;
				CLANG_WARN_EMPTY_BODY = YES;
				CLANG_WARN_ENUM_CONVERSION = YES;
				CLANG_WARN_INT_CONVERSION = YES;
				CLANG_WARN_OBJC_ROOT_CLASS = YES_ERROR;
				CLANG_WARN_UNREACHABLE_CODE = YES;
				CLANG_WARN__DUPLICATE_METHOD_MATCH = YES;
				"CODE_SIGN_IDENTITY[sdk=iphoneos*]" = "iPhone Developer";
				COPY_PHASE_STRIP = NO;
				DEBUG_INFORMATION_FORMAT = "dwarf-with-dsym";
				ENABLE_NS_ASSERTIONS = NO;
				ENABLE_STRICT_OBJC_MSGSEND = YES;
				GCC_C_LANGUAGE_STANDARD = gnu99;
				GCC_NO_COMMON_BLOCKS = YES;
				GCC_WARN_64_TO_32_BIT_CONVERSION = YES;
				GCC_WARN_ABOUT_RETURN_TYPE = YES_ERROR;
				GCC_WARN_UNDECLARED_SELECTOR = YES;
				GCC_WARN_UNINITIALIZED_AUTOS = YES_AGGRESSIVE;
				GCC_WARN_UNUSED_FUNCTION = YES;
				GCC_WARN_UNUSED_VARIABLE = YES;
				IPHONEOS_DEPLOYMENT_TARGET = 9.3;
				MTL_ENABLE_DEBUG_INFO = NO;
				SDKROOT = iphoneos;
				VALIDATE_PRODUCT = YES;
			};
			name = Release;
		};
		AF0CC7741CD9938F00BD5D37 /* Debug */ = {
			isa = XCBuildConfiguration;
			baseConfigurationReference = 0C38763CCD20D6CECF3D9F6A /* Pods-CitySearcher.debug.xcconfig */;
			buildSettings = {
				ASSETCATALOG_COMPILER_APPICON_NAME = AppIcon;
				INFOPLIST_FILE = CitySearcher/Info.plist;
				LD_RUNPATH_SEARCH_PATHS = "$(inherited) @executable_path/Frameworks";
				PRODUCT_BUNDLE_IDENTIFIER = com.propelmarketing.awong.CitySearcher;
				PRODUCT_NAME = "$(TARGET_NAME)";
			};
			name = Debug;
		};
		AF0CC7751CD9938F00BD5D37 /* Release */ = {
			isa = XCBuildConfiguration;
			baseConfigurationReference = 3E2475C5803E484972DB7BD2 /* Pods-CitySearcher.release.xcconfig */;
			buildSettings = {
				ASSETCATALOG_COMPILER_APPICON_NAME = AppIcon;
				INFOPLIST_FILE = CitySearcher/Info.plist;
				LD_RUNPATH_SEARCH_PATHS = "$(inherited) @executable_path/Frameworks";
				PRODUCT_BUNDLE_IDENTIFIER = com.propelmarketing.awong.CitySearcher;
				PRODUCT_NAME = "$(TARGET_NAME)";
			};
			name = Release;
		};
/* End XCBuildConfiguration section */

/* Begin XCConfigurationList section */
		AF0CC75C1CD9938F00BD5D37 /* Build configuration list for PBXProject "CitySearcher" */ = {
			isa = XCConfigurationList;
			buildConfigurations = (
				AF0CC7711CD9938F00BD5D37 /* Debug */,
				AF0CC7721CD9938F00BD5D37 /* Release */,
			);
			defaultConfigurationIsVisible = 0;
			defaultConfigurationName = Release;
		};
		AF0CC7731CD9938F00BD5D37 /* Build configuration list for PBXNativeTarget "CitySearcher" */ = {
			isa = XCConfigurationList;
			buildConfigurations = (
				AF0CC7741CD9938F00BD5D37 /* Debug */,
				AF0CC7751CD9938F00BD5D37 /* Release */,
			);
			defaultConfigurationIsVisible = 0;
			defaultConfigurationName = Release;
		};
/* End XCConfigurationList section */
	};
	rootObject = AF0CC7591CD9938F00BD5D37 /* Project object */;
}
